PODS:
  - BSGridCollectionViewLayout (1.2.5)
  - BSImagePicker (2.10.3):
    - BSGridCollectionViewLayout (= 1.2.5)
    - BSImageView (= 1.0.3)
  - BSImageView (1.0.3)
  - CardIODynamic (5.4.1)
  - connectivity_plus (0.0.1):
    - Flutter
    - ReachabilitySwift
  - DKImagePickerController/Core (4.3.4):
    - DKImagePickerController/ImageDataManager
    - DKImagePickerController/Resource
  - DKImagePickerController/ImageDataManager (4.3.4)
  - DKImagePickerController/PhotoGallery (4.3.4):
    - DKImagePickerController/Core
    - DKPhotoGallery
  - DKImagePickerController/Resource (4.3.4)
  - DKPhotoGallery (0.0.17):
    - DKPhotoGallery/Core (= 0.0.17)
    - DKPhotoGallery/Model (= 0.0.17)
    - DKPhotoGallery/Preview (= 0.0.17)
    - DKPhotoGallery/Resource (= 0.0.17)
    - SDWebImage
    - SwiftyGif
  - DKPhotoGallery/Core (0.0.17):
    - DKPhotoGallery/Model
    - DKPhotoGallery/Preview
    - SDWebImage
    - SwiftyGif
  - DKPhotoGallery/Model (0.0.17):
    - SDWebImage
    - SwiftyGif
  - DKPhotoGallery/Preview (0.0.17):
    - DKPhotoGallery/Model
    - DKPhotoGallery/Resource
    - SDWebImage
    - SwiftyGif
  - DKPhotoGallery/Resource (0.0.17):
    - SDWebImage
    - SwiftyGif
  - EditableTextInsetsTextFieldV2 (0.0.3):
    - TapAdditionsKitV2
  - file_picker (0.0.1):
    - DKImagePickerController/PhotoGallery
    - Flutter
  - Firebase/Analytics (9.6.0):
    - Firebase/Core
  - Firebase/Core (9.6.0):
    - Firebase/CoreOnly
    - FirebaseAnalytics (~> 9.6.0)
  - Firebase/CoreOnly (9.6.0):
    - FirebaseCore (= 9.6.0)
  - Firebase/DynamicLinks (9.6.0):
    - Firebase/CoreOnly
    - FirebaseDynamicLinks (~> 9.6.0)
  - Firebase/Messaging (9.6.0):
    - Firebase/CoreOnly
    - FirebaseMessaging (~> 9.6.0)
  - firebase_analytics (9.3.8):
    - Firebase/Analytics (= 9.6.0)
    - firebase_core
    - Flutter
  - firebase_core (1.24.0):
    - Firebase/CoreOnly (= 9.6.0)
    - Flutter
  - firebase_dynamic_links (2.0.11):
    - Firebase/DynamicLinks (= 9.6.0)
    - firebase_core
    - Flutter
  - firebase_messaging (11.4.4):
    - Firebase/Messaging (= 9.6.0)
    - firebase_core
    - Flutter
  - FirebaseAnalytics (9.6.0):
    - FirebaseAnalytics/AdIdSupport (= 9.6.0)
    - FirebaseCore (~> 9.0)
    - FirebaseInstallations (~> 9.0)
    - GoogleUtilities/AppDelegateSwizzler (~> 7.7)
    - GoogleUtilities/MethodSwizzler (~> 7.7)
    - GoogleUtilities/Network (~> 7.7)
    - "GoogleUtilities/NSData+zlib (~> 7.7)"
    - nanopb (< 2.30910.0, >= 2.30908.0)
  - FirebaseAnalytics/AdIdSupport (9.6.0):
    - FirebaseCore (~> 9.0)
    - FirebaseInstallations (~> 9.0)
    - GoogleAppMeasurement (= 9.6.0)
    - GoogleUtilities/AppDelegateSwizzler (~> 7.7)
    - GoogleUtilities/MethodSwizzler (~> 7.7)
    - GoogleUtilities/Network (~> 7.7)
    - "GoogleUtilities/NSData+zlib (~> 7.7)"
    - nanopb (< 2.30910.0, >= 2.30908.0)
  - FirebaseCore (9.6.0):
    - FirebaseCoreDiagnostics (~> 9.0)
    - FirebaseCoreInternal (~> 9.0)
    - GoogleUtilities/Environment (~> 7.7)
    - GoogleUtilities/Logger (~> 7.7)
  - FirebaseCoreDiagnostics (9.6.0):
    - GoogleDataTransport (< 10.0.0, >= 9.1.4)
    - GoogleUtilities/Environment (~> 7.7)
    - GoogleUtilities/Logger (~> 7.7)
    - nanopb (< 2.30910.0, >= 2.30908.0)
  - FirebaseCoreInternal (9.6.0):
    - "GoogleUtilities/NSData+zlib (~> 7.7)"
  - FirebaseDynamicLinks (9.6.0):
    - FirebaseCore (~> 9.0)
  - FirebaseInstallations (9.6.0):
    - FirebaseCore (~> 9.0)
    - GoogleUtilities/Environment (~> 7.7)
    - GoogleUtilities/UserDefaults (~> 7.7)
    - PromisesObjC (~> 2.1)
  - FirebaseMessaging (9.6.0):
    - FirebaseCore (~> 9.0)
    - FirebaseInstallations (~> 9.0)
    - GoogleDataTransport (< 10.0.0, >= 9.1.4)
    - GoogleUtilities/AppDelegateSwizzler (~> 7.7)
    - GoogleUtilities/Environment (~> 7.7)
    - GoogleUtilities/Reachability (~> 7.7)
    - GoogleUtilities/UserDefaults (~> 7.7)
    - nanopb (< 2.30910.0, >= 2.30908.0)
  - Flutter (1.0.0)
  - flutter_app_badger (1.3.0):
    - Flutter
  - flutter_local_notifications (0.0.1):
    - Flutter
  - flutter_share (0.0.1):
    - Flutter
  - flutter_sim_country_code (0.0.1):
    - Flutter
  - fluttertoast (0.0.2):
    - Flutter
    - Toast
  - FMDB (2.7.5):
    - FMDB/standard (= 2.7.5)
  - FMDB/standard (2.7.5)
  - geolocator_apple (1.2.0):
    - Flutter
  - go_sell_sdk_flutter (0.0.1):
    - Flutter
    - goSellSDK (= 2.3.25)
  - google_maps_flutter_ios (0.0.1):
    - Flutter
    - GoogleMaps (< 8.0)
  - GoogleAppMeasurement (9.6.0):
    - GoogleAppMeasurement/AdIdSupport (= 9.6.0)
    - GoogleUtilities/AppDelegateSwizzler (~> 7.7)
    - GoogleUtilities/MethodSwizzler (~> 7.7)
    - GoogleUtilities/Network (~> 7.7)
    - "GoogleUtilities/NSData+zlib (~> 7.7)"
    - nanopb (< 2.30910.0, >= 2.30908.0)
  - GoogleAppMeasurement/AdIdSupport (9.6.0):
    - GoogleAppMeasurement/WithoutAdIdSupport (= 9.6.0)
    - GoogleUtilities/AppDelegateSwizzler (~> 7.7)
    - GoogleUtilities/MethodSwizzler (~> 7.7)
    - GoogleUtilities/Network (~> 7.7)
    - "GoogleUtilities/NSData+zlib (~> 7.7)"
    - nanopb (< 2.30910.0, >= 2.30908.0)
  - GoogleAppMeasurement/WithoutAdIdSupport (9.6.0):
    - GoogleUtilities/AppDelegateSwizzler (~> 7.7)
    - GoogleUtilities/MethodSwizzler (~> 7.7)
    - GoogleUtilities/Network (~> 7.7)
    - "GoogleUtilities/NSData+zlib (~> 7.7)"
    - nanopb (< 2.30910.0, >= 2.30908.0)
  - GoogleDataTransport (9.2.5):
    - GoogleUtilities/Environment (~> 7.7)
    - nanopb (< 2.30910.0, >= 2.30908.0)
    - PromisesObjC (< 3.0, >= 1.2)
  - GoogleMaps (6.2.1):
    - GoogleMaps/Maps (= 6.2.1)
  - GoogleMaps/Base (6.2.1)
  - GoogleMaps/Maps (6.2.1):
    - GoogleMaps/Base
  - GoogleUtilities/AppDelegateSwizzler (7.11.5):
    - GoogleUtilities/Environment
    - GoogleUtilities/Logger
    - GoogleUtilities/Network
  - GoogleUtilities/Environment (7.11.5):
    - PromisesObjC (< 3.0, >= 1.2)
  - GoogleUtilities/Logger (7.11.5):
    - GoogleUtilities/Environment
  - GoogleUtilities/MethodSwizzler (7.11.5):
    - GoogleUtilities/Logger
  - GoogleUtilities/Network (7.11.5):
    - GoogleUtilities/Logger
    - "GoogleUtilities/NSData+zlib"
    - GoogleUtilities/Reachability
  - "GoogleUtilities/NSData+zlib (7.11.5)"
  - GoogleUtilities/Reachability (7.11.5):
    - GoogleUtilities/Logger
  - GoogleUtilities/UserDefaults (7.11.5):
    - GoogleUtilities/Logger
  - goSellSDK (2.3.25):
    - goSellSDK/Core (= 2.3.25)
  - goSellSDK/Core (2.3.25):
    - CardIODynamic
    - EditableTextInsetsTextFieldV2
    - SwiftyRSA
    - TapAdditionsKitV2
    - TapApplicationV2
    - TapBundleLocalization
    - TapCardVlidatorKit-iOS
    - TapEditableViewV2
    - TapFontsKitV2
    - TapGLKitV2
    - TapKeychain
    - TapNetworkManagerV2
    - TapNibViewV2
    - TapResponderChainInputViewV2
    - TapSearchViewV2
    - TapVisualEffectViewV2
  - image_picker_ios (0.0.1):
    - Flutter
  - location (0.0.1):
    - Flutter
  - map_launcher (0.0.1):
    - Flutter
  - multi_image_picker (4.8.00):
    - BSImagePicker (~> 2.10.3)
    - Flutter
  - nanopb (2.30909.0):
    - nanopb/decode (= 2.30909.0)
    - nanopb/encode (= 2.30909.0)
  - nanopb/decode (2.30909.0)
  - nanopb/encode (2.30909.0)
  - package_info_plus (0.4.5):
    - Flutter
  - path_provider_foundation (0.0.1):
    - Flutter
    - FlutterMacOS
  - PromisesObjC (2.3.1)
  - rate_my_app (1.1.4):
    - Flutter
  - ReachabilitySwift (5.0.0)
  - SDWebImage (5.18.3):
    - SDWebImage/Core (= 5.18.3)
  - SDWebImage/Core (5.18.3)
  - share (0.0.1):
    - Flutter
  - shared_preferences_foundation (0.0.1):
    - Flutter
    - FlutterMacOS
  - sqflite (0.0.3):
    - Flutter
    - FMDB (>= 2.7.5)
  - SwiftyGif (5.4.4)
  - SwiftyRSA (1.7.0):
    - SwiftyRSA/ObjC (= 1.7.0)
  - SwiftyRSA/ObjC (1.7.0)
  - TapAdditionsKitV2 (0.0.17):
    - TapSwiftFixesV2
  - TapApplicationV2 (0.0.3):
    - TapAdditionsKitV2
  - TapBundleLocalization (1.0.3)
  - TapCardVlidatorKit-iOS (1.0.24)
  - TapEditableViewV2 (1.0.2):
    - TapAdditionsKitV2
  - TapFontsKitV2 (0.0.5):
    - TapAdditionsKitV2
  - TapGLKitV2 (0.0.3):
    - TapAdditionsKitV2
  - TapKeychain (1.0.5)
  - TapNetworkManagerV2 (0.0.6):
    - TapAdditionsKitV2
  - TapNibViewV2 (0.0.3):
    - TapAdditionsKitV2
  - TapResponderChainInputViewV2 (0.0.5):
    - TapAdditionsKitV2
    - TapNibViewV2
  - TapSearchViewV2 (0.0.5):
    - TapAdditionsKitV2
    - TapNibViewV2
  - TapSwiftFixesV2 (1.0.3):
    - TapSwiftFixesV2/CoreGraphics (= 1.0.3)
    - TapSwiftFixesV2/Exceptions (= 1.0.3)
    - TapSwiftFixesV2/Threading (= 1.0.3)
  - TapSwiftFixesV2/CoreGraphics (1.0.3)
  - TapSwiftFixesV2/Exceptions (1.0.3)
  - TapSwiftFixesV2/Threading (1.0.3)
  - TapVisualEffectViewV2 (0.0.4):
    - TapAdditionsKitV2
    - TapNibViewV2
  - Toast (4.0.0)
  - url_launcher_ios (0.0.1):
    - Flutter
  - webview_flutter_wkwebview (0.0.1):
    - Flutter

DEPENDENCIES:
  - connectivity_plus (from `.symlinks/plugins/connectivity_plus/ios`)
  - file_picker (from `.symlinks/plugins/file_picker/ios`)
  - firebase_analytics (from `.symlinks/plugins/firebase_analytics/ios`)
  - firebase_core (from `.symlinks/plugins/firebase_core/ios`)
  - firebase_dynamic_links (from `.symlinks/plugins/firebase_dynamic_links/ios`)
  - firebase_messaging (from `.symlinks/plugins/firebase_messaging/ios`)
  - Flutter (from `Flutter`)
  - flutter_app_badger (from `.symlinks/plugins/flutter_app_badger/ios`)
  - flutter_local_notifications (from `.symlinks/plugins/flutter_local_notifications/ios`)
  - flutter_share (from `.symlinks/plugins/flutter_share/ios`)
  - flutter_sim_country_code (from `.symlinks/plugins/flutter_sim_country_code/ios`)
  - fluttertoast (from `.symlinks/plugins/fluttertoast/ios`)
  - geolocator_apple (from `.symlinks/plugins/geolocator_apple/ios`)
  - go_sell_sdk_flutter (from `.symlinks/plugins/go_sell_sdk_flutter/ios`)
  - google_maps_flutter_ios (from `.symlinks/plugins/google_maps_flutter_ios/ios`)
  - image_picker_ios (from `.symlinks/plugins/image_picker_ios/ios`)
  - location (from `.symlinks/plugins/location/ios`)
  - map_launcher (from `.symlinks/plugins/map_launcher/ios`)
  - multi_image_picker (from `.symlinks/plugins/multi_image_picker/ios`)
  - package_info_plus (from `.symlinks/plugins/package_info_plus/ios`)
  - path_provider_foundation (from `.symlinks/plugins/path_provider_foundation/ios`)
  - rate_my_app (from `.symlinks/plugins/rate_my_app/ios`)
  - share (from `.symlinks/plugins/share/ios`)
  - shared_preferences_foundation (from `.symlinks/plugins/shared_preferences_foundation/ios`)
  - sqflite (from `.symlinks/plugins/sqflite/ios`)
  - url_launcher_ios (from `.symlinks/plugins/url_launcher_ios/ios`)
  - webview_flutter_wkwebview (from `.symlinks/plugins/webview_flutter_wkwebview/ios`)

SPEC REPOS:
  trunk:
    - BSGridCollectionViewLayout
    - BSImagePicker
    - BSImageView
    - CardIODynamic
    - DKImagePickerController
    - DKPhotoGallery
    - EditableTextInsetsTextFieldV2
    - Firebase
    - FirebaseAnalytics
    - FirebaseCore
    - FirebaseCoreDiagnostics
    - FirebaseCoreInternal
    - FirebaseDynamicLinks
    - FirebaseInstallations
    - FirebaseMessaging
    - FMDB
    - GoogleAppMeasurement
    - GoogleDataTransport
    - GoogleMaps
    - GoogleUtilities
    - goSellSDK
    - nanopb
    - PromisesObjC
    - ReachabilitySwift
    - SDWebImage
    - SwiftyGif
    - SwiftyRSA
    - TapAdditionsKitV2
    - TapApplicationV2
    - TapBundleLocalization
    - TapCardVlidatorKit-iOS
    - TapEditableViewV2
    - TapFontsKitV2
    - TapGLKitV2
    - TapKeychain
    - TapNetworkManagerV2
    - TapNibViewV2
    - TapResponderChainInputViewV2
    - TapSearchViewV2
    - TapSwiftFixesV2
    - TapVisualEffectViewV2
    - Toast

EXTERNAL SOURCES:
  connectivity_plus:
    :path: ".symlinks/plugins/connectivity_plus/ios"
  file_picker:
    :path: ".symlinks/plugins/file_picker/ios"
  firebase_analytics:
    :path: ".symlinks/plugins/firebase_analytics/ios"
  firebase_core:
    :path: ".symlinks/plugins/firebase_core/ios"
  firebase_dynamic_links:
    :path: ".symlinks/plugins/firebase_dynamic_links/ios"
  firebase_messaging:
    :path: ".symlinks/plugins/firebase_messaging/ios"
  Flutter:
    :path: Flutter
  flutter_app_badger:
    :path: ".symlinks/plugins/flutter_app_badger/ios"
  flutter_local_notifications:
    :path: ".symlinks/plugins/flutter_local_notifications/ios"
  flutter_share:
    :path: ".symlinks/plugins/flutter_share/ios"
  flutter_sim_country_code:
    :path: ".symlinks/plugins/flutter_sim_country_code/ios"
  fluttertoast:
    :path: ".symlinks/plugins/fluttertoast/ios"
  geolocator_apple:
    :path: ".symlinks/plugins/geolocator_apple/ios"
  go_sell_sdk_flutter:
    :path: ".symlinks/plugins/go_sell_sdk_flutter/ios"
  google_maps_flutter_ios:
    :path: ".symlinks/plugins/google_maps_flutter_ios/ios"
  image_picker_ios:
    :path: ".symlinks/plugins/image_picker_ios/ios"
  location:
    :path: ".symlinks/plugins/location/ios"
  map_launcher:
    :path: ".symlinks/plugins/map_launcher/ios"
  multi_image_picker:
    :path: ".symlinks/plugins/multi_image_picker/ios"
  package_info_plus:
    :path: ".symlinks/plugins/package_info_plus/ios"
  path_provider_foundation:
    :path: ".symlinks/plugins/path_provider_foundation/ios"
  rate_my_app:
    :path: ".symlinks/plugins/rate_my_app/ios"
  share:
    :path: ".symlinks/plugins/share/ios"
  shared_preferences_foundation:
    :path: ".symlinks/plugins/shared_preferences_foundation/ios"
  sqflite:
    :path: ".symlinks/plugins/sqflite/ios"
  url_launcher_ios:
    :path: ".symlinks/plugins/url_launcher_ios/ios"
  webview_flutter_wkwebview:
    :path: ".symlinks/plugins/webview_flutter_wkwebview/ios"

SPEC CHECKSUMS:
  BSGridCollectionViewLayout: 333dcb457a5a3bdd9212607ab5756553dcfe06cb
  BSImagePicker: 07404254f2fcdaf5a2eb403c0f8c337267ce8738
  BSImageView: a149459433a2687157d034c78e059d30ac7f2544
  CardIODynamic: 4a0d2d0e7b82993ceca67491564934c3475fbe79
  connectivity_plus: 07c49e96d7fc92bc9920617b83238c4d178b446a
  DKImagePickerController: b512c28220a2b8ac7419f21c491fc8534b7601ac
  DKPhotoGallery: fdfad5125a9fdda9cc57df834d49df790dbb4179
  EditableTextInsetsTextFieldV2: 4734d3376d6b1ebe95afc824da5caa1c37b228a3
  file_picker: ce3938a0df3cc1ef404671531facef740d03f920
  Firebase: 5ae8b7cf8efce559a653aef0ad95bab3f427c351
  firebase_analytics: 9937a91df25cce5b0ee19eaf65277ff8bf0f88e5
  firebase_core: 7c28ecc1e5dd74e03829ac3e9ff5ba3314e737a9
  firebase_dynamic_links: 0316e95a8da05555f173a7689e95c79bb4388be8
  firebase_messaging: fc1151f90dd4534756fae713d651695acca6f122
  FirebaseAnalytics: 89ad762c6c3852a685794174757e2c60a36b6a82
  FirebaseCore: 2082fffcd855f95f883c0a1641133eb9bbe76d40
  FirebaseCoreDiagnostics: 99a495094b10a57eeb3ae8efa1665700ad0bdaa6
  FirebaseCoreInternal: bca76517fe1ed381e989f5e7d8abb0da8d85bed3
  FirebaseDynamicLinks: 894ee3b4e56a77abee067d371c9a23e7b5a3c686
  FirebaseInstallations: 0a115432c4e223c5ab20b0dbbe4cbefa793a0e8e
  FirebaseMessaging: a4d7910e4af663c9cbfc1071c5bef34651690949
  Flutter: f04841e97a9d0b0a8025694d0796dd46242b2854
  flutter_app_badger: b87fc231847b03b92ce1412aa351842e7e97932f
  flutter_local_notifications: 0c0b1ae97e741e1521e4c1629a459d04b9aec743
  flutter_share: 4be0208963c60b537e6255ed2ce1faae61cd9ac2
  flutter_sim_country_code: 364e91e71f067cdec1dd1228eb4d1f13ab1a54e5
  fluttertoast: 31b00dabfa7fb7bacd9e7dbee580d7a2ff4bf265
  FMDB: 2ce00b547f966261cd18927a3ddb07cb6f3db82a
  geolocator_apple: cc556e6844d508c95df1e87e3ea6fa4e58c50401
  go_sell_sdk_flutter: 835d43cc9975843377fcdfad0327227d3dc14395
  google_maps_flutter_ios: abdac20d6ce8931f6ebc5f46616df241bfaa2cfd
  GoogleAppMeasurement: 6de2b1a69e4326eb82ee05d138f6a5cb7311bcb1
  GoogleDataTransport: 54dee9d48d14580407f8f5fbf2f496e92437a2f2
  GoogleMaps: 20d7b12be49a14287f797e88e0e31bc4156aaeb4
  GoogleUtilities: 13e2c67ede716b8741c7989e26893d151b2b2084
  goSellSDK: dd5ef3496197e8b0b9cff2d6907dff5a3c0393e7
  image_picker_ios: 4a8aadfbb6dc30ad5141a2ce3832af9214a705b5
  location: 3a2eed4dd2fab25e7b7baf2a9efefe82b512d740
  map_launcher: e325db1261d029ff33e08e03baccffe09593ffea
  multi_image_picker: 443e776a762d7901641854043b60abf88a85d5ef
  nanopb: b552cce312b6c8484180ef47159bc0f65a1f0431
  package_info_plus: fd030dabf36271f146f1f3beacd48f564b0f17f7
  path_provider_foundation: eaf5b3e458fc0e5fbb9940fb09980e853fe058b8
  PromisesObjC: c50d2056b5253dadbd6c2bea79b0674bd5a52fa4
  rate_my_app: e249ec0751c276811746ff89558c23dc0da39f0c
  ReachabilitySwift: 985039c6f7b23a1da463388634119492ff86c825
  SDWebImage: 96e0c18ef14010b7485210e92fac888587ebb958
  share: 0b2c3e82132f5888bccca3351c504d0003b3b410
  shared_preferences_foundation: e2dae3258e06f44cc55f49d42024fd8dd03c590c
  sqflite: 31f7eba61e3074736dff8807a9b41581e4f7f15a
  SwiftyGif: 93a1cc87bf3a51916001cf8f3d63835fb64c819f
  SwiftyRSA: 8c6dd1ea7db1b8dc4fb517a202f88bb1354bc2c6
  TapAdditionsKitV2: 0bb217062d4df1db86b339e7693283b293b0ccff
  TapApplicationV2: a5e256888515be65654f048605bfb871a5ad53a9
  TapBundleLocalization: c7d7c14850223b0ef447aca1269d7308f78d54f9
  TapCardVlidatorKit-iOS: 05d3e644dddd6aa52dd95cc85a2c41f7ce0ba2f9
  TapEditableViewV2: 53f87bbf98d7599f564e6e5bad1be6c1a5b31d66
  TapFontsKitV2: 2b11cd69c4f8c4485376c92a1982387a5184ca13
  TapGLKitV2: 5e5857e73e5a516807ec9c388f5c028de7616290
  TapKeychain: 143aa70bb2d1b094e0298e944660264034c79849
  TapNetworkManagerV2: 73a80838e7a30bd05e1030ff4b751421f14774a6
  TapNibViewV2: a6df9bfe0a36dfa9039b8200f2921dd5f66874c5
  TapResponderChainInputViewV2: d62b22fd9f1e6e9a195e4960c5679805a83ed44c
  TapSearchViewV2: b6fb11576b6e20570768378d31499a3cb86f9010
  TapSwiftFixesV2: ea726f752b6259d9e44624039fd6bad94b2a8633
  TapVisualEffectViewV2: bc2b3b718acc3c1298ce7d21985633941d986345
  Toast: 91b396c56ee72a5790816f40d3a94dd357abc196
  url_launcher_ios: 08a3dfac5fb39e8759aeb0abbd5d9480f30fc8b4
  webview_flutter_wkwebview: 2e2d318f21a5e036e2c3f26171342e95908bd60a

PODFILE CHECKSUM: 959863bf076bd933ddefb684d0cbd619098b6338

COCOAPODS: 1.13.0
